
Microsoft Visual Studio Solution File, Format Version 12.00
# Visual Studio 15
VisualStudioVersion = 15.0.26124.0
MinimumVisualStudioVersion = 15.0.26124.0
Project("{2150E333-8FDC-42A3-9474-1A3956D46DE8}") = "src", "src", "{070D6216-9D6D-46EA-9725-FF3F076C1C26}"
EndProject
Project("{FAE04EC0-301F-11D3-BF4B-00C04F79EFBC}") = "Stateless", "src\Stateless\Stateless.csproj", "{70A11546-F5E6-4E6A-BC2F-CA4F2D164510}"
EndProject
Project("{2150E333-8FDC-42A3-9474-1A3956D46DE8}") = "example", "example", "{05F06927-995C-4AF7-89DB-898D72386006}"
EndProject
Project("{FAE04EC0-301F-11D3-BF4B-00C04F79EFBC}") = "TelephoneCallExample", "example\TelephoneCallExample\TelephoneCallExample.csproj", "{FB703690-4479-45C2-8F74-5EE35297FC1E}"
EndProject
Project("{FAE04EC0-301F-11D3-BF4B-00C04F79EFBC}") = "OnOffExample", "example\OnOffExample\OnOffExample.csproj", "{1BD8628E-FC86-41AB-B57C-B2D80BC3CB2C}"
EndProject
Project("{FAE04EC0-301F-11D3-BF4B-00C04F79EFBC}") = "BugTrackerExample", "example\BugTrackerExample\BugTrackerExample.csproj", "{8BE99D67-DBA6-4E0C-BAA1-7E22EA1B8A87}"
EndProject
Project("{2150E333-8FDC-42A3-9474-1A3956D46DE8}") = "test", "test", "{69446A5C-FEC1-414B-86F0-B3883772916A}"
EndProject
Project("{FAE04EC0-301F-11D3-BF4B-00C04F79EFBC}") = "Stateless.Tests", "test\Stateless.Tests\Stateless.Tests.csproj", "{861D6CD9-4782-471C-982A-B18DD1B0FEE9}"
EndProject
Global
	GlobalSection(SolutionConfigurationPlatforms) = preSolution
		Debug|Any CPU = Debug|Any CPU
		Debug|x64 = Debug|x64
		Debug|x86 = Debug|x86
		Release|Any CPU = Release|Any CPU
		Release|x64 = Release|x64
		Release|x86 = Release|x86
	EndGlobalSection
	GlobalSection(SolutionProperties) = preSolution
		HideSolutionNode = FALSE
	EndGlobalSection
	GlobalSection(ProjectConfigurationPlatforms) = postSolution
		{70A11546-F5E6-4E6A-BC2F-CA4F2D164510}.Debug|Any CPU.ActiveCfg = Debug|Any CPU
		{70A11546-F5E6-4E6A-BC2F-CA4F2D164510}.Debug|Any CPU.Build.0 = Debug|Any CPU
		{70A11546-F5E6-4E6A-BC2F-CA4F2D164510}.Debug|x64.ActiveCfg = Debug|Any CPU
		{70A11546-F5E6-4E6A-BC2F-CA4F2D164510}.Debug|x64.Build.0 = Debug|Any CPU
		{70A11546-F5E6-4E6A-BC2F-CA4F2D164510}.Debug|x86.ActiveCfg = Debug|Any CPU
		{70A11546-F5E6-4E6A-BC2F-CA4F2D164510}.Debug|x86.Build.0 = Debug|Any CPU
		{70A11546-F5E6-4E6A-BC2F-CA4F2D164510}.Release|Any CPU.ActiveCfg = Release|Any CPU
		{70A11546-F5E6-4E6A-BC2F-CA4F2D164510}.Release|Any CPU.Build.0 = Release|Any CPU
		{70A11546-F5E6-4E6A-BC2F-CA4F2D164510}.Release|x64.ActiveCfg = Release|Any CPU
		{70A11546-F5E6-4E6A-BC2F-CA4F2D164510}.Release|x64.Build.0 = Release|Any CPU
		{70A11546-F5E6-4E6A-BC2F-CA4F2D164510}.Release|x86.ActiveCfg = Release|Any CPU
		{70A11546-F5E6-4E6A-BC2F-CA4F2D164510}.Release|x86.Build.0 = Release|Any CPU
		{FB703690-4479-45C2-8F74-5EE35297FC1E}.Debug|Any CPU.ActiveCfg = Debug|Any CPU
		{FB703690-4479-45C2-8F74-5EE35297FC1E}.Debug|Any CPU.Build.0 = Debug|Any CPU
		{FB703690-4479-45C2-8F74-5EE35297FC1E}.Debug|x64.ActiveCfg = Debug|Any CPU
		{FB703690-4479-45C2-8F74-5EE35297FC1E}.Debug|x64.Build.0 = Debug|Any CPU
		{FB703690-4479-45C2-8F74-5EE35297FC1E}.Debug|x86.ActiveCfg = Debug|Any CPU
		{FB703690-4479-45C2-8F74-5EE35297FC1E}.Debug|x86.Build.0 = Debug|Any CPU
		{FB703690-4479-45C2-8F74-5EE35297FC1E}.Release|Any CPU.ActiveCfg = Release|Any CPU
		{FB703690-4479-45C2-8F74-5EE35297FC1E}.Release|Any CPU.Build.0 = Release|Any CPU
		{FB703690-4479-45C2-8F74-5EE35297FC1E}.Release|x64.ActiveCfg = Release|Any CPU
		{FB703690-4479-45C2-8F74-5EE35297FC1E}.Release|x64.Build.0 = Release|Any CPU
		{FB703690-4479-45C2-8F74-5EE35297FC1E}.Release|x86.ActiveCfg = Release|Any CPU
		{FB703690-4479-45C2-8F74-5EE35297FC1E}.Release|x86.Build.0 = Release|Any CPU
		{1BD8628E-FC86-41AB-B57C-B2D80BC3CB2C}.Debug|Any CPU.ActiveCfg = Debug|Any CPU
		{1BD8628E-FC86-41AB-B57C-B2D80BC3CB2C}.Debug|Any CPU.Build.0 = Debug|Any CPU
		{1BD8628E-FC86-41AB-B57C-B2D80BC3CB2C}.Debug|x64.ActiveCfg = Debug|Any CPU
		{1BD8628E-FC86-41AB-B57C-B2D80BC3CB2C}.Debug|x64.Build.0 = Debug|Any CPU
		{1BD8628E-FC86-41AB-B57C-B2D80BC3CB2C}.Debug|x86.ActiveCfg = Debug|Any CPU
		{1BD8628E-FC86-41AB-B57C-B2D80BC3CB2C}.Debug|x86.Build.0 = Debug|Any CPU
		{1BD8628E-FC86-41AB-B57C-B2D80BC3CB2C}.Release|Any CPU.ActiveCfg = Release|Any CPU
		{1BD8628E-FC86-41AB-B57C-B2D80BC3CB2C}.Release|Any CPU.Build.0 = Release|Any CPU
		{1BD8628E-FC86-41AB-B57C-B2D80BC3CB2C}.Release|x64.ActiveCfg = Release|Any CPU
		{1BD8628E-FC86-41AB-B57C-B2D80BC3CB2C}.Release|x64.Build.0 = Release|Any CPU
		{1BD8628E-FC86-41AB-B57C-B2D80BC3CB2C}.Release|x86.ActiveCfg = Release|Any CPU
		{1BD8628E-FC86-41AB-B57C-B2D80BC3CB2C}.Release|x86.Build.0 = Release|Any CPU
		{8BE99D67-DBA6-4E0C-BAA1-7E22EA1B8A87}.Debug|Any CPU.ActiveCfg = Debug|Any CPU
		{8BE99D67-DBA6-4E0C-BAA1-7E22EA1B8A87}.Debug|Any CPU.Build.0 = Debug|Any CPU
		{8BE99D67-DBA6-4E0C-BAA1-7E22EA1B8A87}.Debug|x64.ActiveCfg = Debug|Any CPU
		{8BE99D67-DBA6-4E0C-BAA1-7E22EA1B8A87}.Debug|x64.Build.0 = Debug|Any CPU
		{8BE99D67-DBA6-4E0C-BAA1-7E22EA1B8A87}.Debug|x86.ActiveCfg = Debug|Any CPU
		{8BE99D67-DBA6-4E0C-BAA1-7E22EA1B8A87}.Debug|x86.Build.0 = Debug|Any CPU
		{8BE99D67-DBA6-4E0C-BAA1-7E22EA1B8A87}.Release|Any CPU.ActiveCfg = Release|Any CPU
		{8BE99D67-DBA6-4E0C-BAA1-7E22EA1B8A87}.Release|Any CPU.Build.0 = Release|Any CPU
		{8BE99D67-DBA6-4E0C-BAA1-7E22EA1B8A87}.Release|x64.ActiveCfg = Release|Any CPU
		{8BE99D67-DBA6-4E0C-BAA1-7E22EA1B8A87}.Release|x64.Build.0 = Release|Any CPU
		{8BE99D67-DBA6-4E0C-BAA1-7E22EA1B8A87}.Release|x86.ActiveCfg = Release|Any CPU
		{8BE99D67-DBA6-4E0C-BAA1-7E22EA1B8A87}.Release|x86.Build.0 = Release|Any CPU
		{861D6CD9-4782-471C-982A-B18DD1B0FEE9}.Debug|Any CPU.ActiveCfg = Debug|Any CPU
		{861D6CD9-4782-471C-982A-B18DD1B0FEE9}.Debug|Any CPU.Build.0 = Debug|Any CPU
		{861D6CD9-4782-471C-982A-B18DD1B0FEE9}.Debug|x64.ActiveCfg = Debug|Any CPU
		{861D6CD9-4782-471C-982A-B18DD1B0FEE9}.Debug|x64.Build.0 = Debug|Any CPU
		{861D6CD9-4782-471C-982A-B18DD1B0FEE9}.Debug|x86.ActiveCfg = Debug|Any CPU
		{861D6CD9-4782-471C-982A-B18DD1B0FEE9}.Debug|x86.Build.0 = Debug|Any CPU
		{861D6CD9-4782-471C-982A-B18DD1B0FEE9}.Release|Any CPU.ActiveCfg = Release|Any CPU
		{861D6CD9-4782-471C-982A-B18DD1B0FEE9}.Release|Any CPU.Build.0 = Release|Any CPU
		{861D6CD9-4782-471C-982A-B18DD1B0FEE9}.Release|x64.ActiveCfg = Release|Any CPU
		{861D6CD9-4782-471C-982A-B18DD1B0FEE9}.Release|x64.Build.0 = Release|Any CPU
		{861D6CD9-4782-471C-982A-B18DD1B0FEE9}.Release|x86.ActiveCfg = Release|Any CPU
		{861D6CD9-4782-471C-982A-B18DD1B0FEE9}.Release|x86.Build.0 = Release|Any CPU
	EndGlobalSection
	GlobalSection(NestedProjects) = preSolution
		{70A11546-F5E6-4E6A-BC2F-CA4F2D164510} = {070D6216-9D6D-46EA-9725-FF3F076C1C26}
		{FB703690-4479-45C2-8F74-5EE35297FC1E} = {05F06927-995C-4AF7-89DB-898D72386006}
		{1BD8628E-FC86-41AB-B57C-B2D80BC3CB2C} = {05F06927-995C-4AF7-89DB-898D72386006}
		{8BE99D67-DBA6-4E0C-BAA1-7E22EA1B8A87} = {05F06927-995C-4AF7-89DB-898D72386006}
		{861D6CD9-4782-471C-982A-B18DD1B0FEE9} = {69446A5C-FEC1-414B-86F0-B3883772916A}
	EndGlobalSection
EndGlobal
